
Microsoft Visual Studio Solution File, Format Version 12.00
# Visual Studio Version 16
VisualStudioVersion = 16.0.30320.27
MinimumVisualStudioVersion = 10.0.40219.1
Project("{9A19103F-16F7-4668-BE54-9A1E7A4F7556}") = "Sale.web", "Sale.web\Sale.web.csproj", "{C125ED9C-4ABD-40C2-955C-77C4060390A1}"
EndProject
Project("{9A19103F-16F7-4668-BE54-9A1E7A4F7556}") = "Sale.Common", "Sale.Common\Sale.Common.csproj", "{33BEA129-2215-4299-811B-648D9D6B6FDE}"
EndProject
Project("{FAE04EC0-301F-11D3-BF4B-00C04F79EFBC}") = "Sale.prism", "Sale.prism\Sale.prism\Sale.prism.csproj", "{889860D4-D72B-4CC3-A753-B048D949A03E}"
EndProject
Project("{FAE04EC0-301F-11D3-BF4B-00C04F79EFBC}") = "Sale.prism.Android", "Sale.prism\Sale.prism.Android\Sale.prism.Android.csproj", "{00B6D5D7-80A3-4113-8D73-A9331A52A198}"
EndProject
Project("{FAE04EC0-301F-11D3-BF4B-00C04F79EFBC}") = "Sale.prism.iOS", "Sale.prism\Sale.prism.iOS\Sale.prism.iOS.csproj", "{B751D428-0ED1-4327-A7A1-E7D917B39FA5}"
EndProject
Global
	GlobalSection(SolutionConfigurationPlatforms) = preSolution
		Ad-Hoc|Any CPU = Ad-Hoc|Any CPU
		Ad-Hoc|iPhone = Ad-Hoc|iPhone
		Ad-Hoc|iPhoneSimulator = Ad-Hoc|iPhoneSimulator
		AppStore|Any CPU = AppStore|Any CPU
		AppStore|iPhone = AppStore|iPhone
		AppStore|iPhoneSimulator = AppStore|iPhoneSimulator
		Debug|Any CPU = Debug|Any CPU
		Debug|iPhone = Debug|iPhone
		Debug|iPhoneSimulator = Debug|iPhoneSimulator
		Release|Any CPU = Release|Any CPU
		Release|iPhone = Release|iPhone
		Release|iPhoneSimulator = Release|iPhoneSimulator
	EndGlobalSection
	GlobalSection(ProjectConfigurationPlatforms) = postSolution
		{C125ED9C-4ABD-40C2-955C-77C4060390A1}.Ad-Hoc|Any CPU.ActiveCfg = Release|Any CPU
		{C125ED9C-4ABD-40C2-955C-77C4060390A1}.Ad-Hoc|Any CPU.Build.0 = Release|Any CPU
		{C125ED9C-4ABD-40C2-955C-77C4060390A1}.Ad-Hoc|iPhone.ActiveCfg = Release|Any CPU
		{C125ED9C-4ABD-40C2-955C-77C4060390A1}.Ad-Hoc|iPhone.Build.0 = Release|Any CPU
		{C125ED9C-4ABD-40C2-955C-77C4060390A1}.Ad-Hoc|iPhoneSimulator.ActiveCfg = Release|Any CPU
		{C125ED9C-4ABD-40C2-955C-77C4060390A1}.Ad-Hoc|iPhoneSimulator.Build.0 = Release|Any CPU
		{C125ED9C-4ABD-40C2-955C-77C4060390A1}.AppStore|Any CPU.ActiveCfg = Release|Any CPU
		{C125ED9C-4ABD-40C2-955C-77C4060390A1}.AppStore|Any CPU.Build.0 = Release|Any CPU
		{C125ED9C-4ABD-40C2-955C-77C4060390A1}.AppStore|iPhone.ActiveCfg = Release|Any CPU
		{C125ED9C-4ABD-40C2-955C-77C4060390A1}.AppStore|iPhone.Build.0 = Release|Any CPU
		{C125ED9C-4ABD-40C2-955C-77C4060390A1}.AppStore|iPhoneSimulator.ActiveCfg = Release|Any CPU
		{C125ED9C-4ABD-40C2-955C-77C4060390A1}.AppStore|iPhoneSimulator.Build.0 = Release|Any CPU
		{C125ED9C-4ABD-40C2-955C-77C4060390A1}.Debug|Any CPU.ActiveCfg = Debug|Any CPU
		{C125ED9C-4ABD-40C2-955C-77C4060390A1}.Debug|Any CPU.Build.0 = Debug|Any CPU
		{C125ED9C-4ABD-40C2-955C-77C4060390A1}.Debug|iPhone.ActiveCfg = Debug|Any CPU
		{C125ED9C-4ABD-40C2-955C-77C4060390A1}.Debug|iPhone.Build.0 = Debug|Any CPU
		{C125ED9C-4ABD-40C2-955C-77C4060390A1}.Debug|iPhoneSimulator.ActiveCfg = Debug|Any CPU
		{C125ED9C-4ABD-40C2-955C-77C4060390A1}.Debug|iPhoneSimulator.Build.0 = Debug|Any CPU
		{C125ED9C-4ABD-40C2-955C-77C4060390A1}.Release|Any CPU.ActiveCfg = Release|Any CPU
		{C125ED9C-4ABD-40C2-955C-77C4060390A1}.Release|Any CPU.Build.0 = Release|Any CPU
		{C125ED9C-4ABD-40C2-955C-77C4060390A1}.Release|iPhone.ActiveCfg = Release|Any CPU
		{C125ED9C-4ABD-40C2-955C-77C4060390A1}.Release|iPhone.Build.0 = Release|Any CPU
		{C125ED9C-4ABD-40C2-955C-77C4060390A1}.Release|iPhoneSimulator.ActiveCfg = Release|Any CPU
		{C125ED9C-4ABD-40C2-955C-77C4060390A1}.Release|iPhoneSimulator.Build.0 = Release|Any CPU
		{33BEA129-2215-4299-811B-648D9D6B6FDE}.Ad-Hoc|Any CPU.ActiveCfg = Release|Any CPU
		{33BEA129-2215-4299-811B-648D9D6B6FDE}.Ad-Hoc|Any CPU.Build.0 = Release|Any CPU
		{33BEA129-2215-4299-811B-648D9D6B6FDE}.Ad-Hoc|iPhone.ActiveCfg = Release|Any CPU
		{33BEA129-2215-4299-811B-648D9D6B6FDE}.Ad-Hoc|iPhone.Build.0 = Release|Any CPU
		{33BEA129-2215-4299-811B-648D9D6B6FDE}.Ad-Hoc|iPhoneSimulator.ActiveCfg = Release|Any CPU
		{33BEA129-2215-4299-811B-648D9D6B6FDE}.Ad-Hoc|iPhoneSimulator.Build.0 = Release|Any CPU
		{33BEA129-2215-4299-811B-648D9D6B6FDE}.AppStore|Any CPU.ActiveCfg = Release|Any CPU
		{33BEA129-2215-4299-811B-648D9D6B6FDE}.AppStore|Any CPU.Build.0 = Release|Any CPU
		{33BEA129-2215-4299-811B-648D9D6B6FDE}.AppStore|iPhone.ActiveCfg = Release|Any CPU
		{33BEA129-2215-4299-811B-648D9D6B6FDE}.AppStore|iPhone.Build.0 = Release|Any CPU
		{33BEA129-2215-4299-811B-648D9D6B6FDE}.AppStore|iPhoneSimulator.ActiveCfg = Release|Any CPU
		{33BEA129-2215-4299-811B-648D9D6B6FDE}.AppStore|iPhoneSimulator.Build.0 = Release|Any CPU
		{33BEA129-2215-4299-811B-648D9D6B6FDE}.Debug|Any CPU.ActiveCfg = Debug|Any CPU
		{33BEA129-2215-4299-811B-648D9D6B6FDE}.Debug|Any CPU.Build.0 = Debug|Any CPU
		{33BEA129-2215-4299-811B-648D9D6B6FDE}.Debug|iPhone.ActiveCfg = Debug|Any CPU
		{33BEA129-2215-4299-811B-648D9D6B6FDE}.Debug|iPhone.Build.0 = Debug|Any CPU
		{33BEA129-2215-4299-811B-648D9D6B6FDE}.Debug|iPhoneSimulator.ActiveCfg = Debug|Any CPU
		{33BEA129-2215-4299-811B-648D9D6B6FDE}.Debug|iPhoneSimulator.Build.0 = Debug|Any CPU
		{33BEA129-2215-4299-811B-648D9D6B6FDE}.Release|Any CPU.ActiveCfg = Release|Any CPU
		{33BEA129-2215-4299-811B-648D9D6B6FDE}.Release|Any CPU.Build.0 = Release|Any CPU
		{33BEA129-2215-4299-811B-648D9D6B6FDE}.Release|iPhone.ActiveCfg = Release|Any CPU
		{33BEA129-2215-4299-811B-648D9D6B6FDE}.Release|iPhone.Build.0 = Release|Any CPU
		{33BEA129-2215-4299-811B-648D9D6B6FDE}.Release|iPhoneSimulator.ActiveCfg = Release|Any CPU
		{33BEA129-2215-4299-811B-648D9D6B6FDE}.Release|iPhoneSimulator.Build.0 = Release|Any CPU
		{889860D4-D72B-4CC3-A753-B048D949A03E}.Ad-Hoc|Any CPU.ActiveCfg = Debug|Any CPU
		{889860D4-D72B-4CC3-A753-B048D949A03E}.Ad-Hoc|Any CPU.Build.0 = Debug|Any CPU
		{889860D4-D72B-4CC3-A753-B048D949A03E}.Ad-Hoc|iPhone.ActiveCfg = Debug|Any CPU
		{889860D4-D72B-4CC3-A753-B048D949A03E}.Ad-Hoc|iPhone.Build.0 = Debug|Any CPU
		{889860D4-D72B-4CC3-A753-B048D949A03E}.Ad-Hoc|iPhoneSimulator.ActiveCfg = Debug|Any CPU
		{889860D4-D72B-4CC3-A753-B048D949A03E}.Ad-Hoc|iPhoneSimulator.Build.0 = Debug|Any CPU
		{889860D4-D72B-4CC3-A753-B048D949A03E}.AppStore|Any CPU.ActiveCfg = Debug|Any CPU
		{889860D4-D72B-4CC3-A753-B048D949A03E}.AppStore|Any CPU.Build.0 = Debug|Any CPU
		{889860D4-D72B-4CC3-A753-B048D949A03E}.AppStore|iPhone.ActiveCfg = Debug|Any CPU
		{889860D4-D72B-4CC3-A753-B048D949A03E}.AppStore|iPhone.Build.0 = Debug|Any CPU
		{889860D4-D72B-4CC3-A753-B048D949A03E}.AppStore|iPhoneSimulator.ActiveCfg = Debug|Any CPU
		{889860D4-D72B-4CC3-A753-B048D949A03E}.AppStore|iPhoneSimulator.Build.0 = Debug|Any CPU
		{889860D4-D72B-4CC3-A753-B048D949A03E}.Debug|Any CPU.ActiveCfg = Debug|Any CPU
		{889860D4-D72B-4CC3-A753-B048D949A03E}.Debug|Any CPU.Build.0 = Debug|Any CPU
		{889860D4-D72B-4CC3-A753-B048D949A03E}.Debug|iPhone.ActiveCfg = Debug|Any CPU
		{889860D4-D72B-4CC3-A753-B048D949A03E}.Debug|iPhone.Build.0 = Debug|Any CPU
		{889860D4-D72B-4CC3-A753-B048D949A03E}.Debug|iPhoneSimulator.ActiveCfg = Debug|Any CPU
		{889860D4-D72B-4CC3-A753-B048D949A03E}.Debug|iPhoneSimulator.Build.0 = Debug|Any CPU
		{889860D4-D72B-4CC3-A753-B048D949A03E}.Release|Any CPU.ActiveCfg = Release|Any CPU
		{889860D4-D72B-4CC3-A753-B048D949A03E}.Release|Any CPU.Build.0 = Release|Any CPU
		{889860D4-D72B-4CC3-A753-B048D949A03E}.Release|iPhone.ActiveCfg = Release|Any CPU
		{889860D4-D72B-4CC3-A753-B048D949A03E}.Release|iPhone.Build.0 = Release|Any CPU
		{889860D4-D72B-4CC3-A753-B048D949A03E}.Release|iPhoneSimulator.ActiveCfg = Release|Any CPU
		{889860D4-D72B-4CC3-A753-B048D949A03E}.Release|iPhoneSimulator.Build.0 = Release|Any CPU
		{00B6D5D7-80A3-4113-8D73-A9331A52A198}.Ad-Hoc|Any CPU.ActiveCfg = Release|Any CPU
		{00B6D5D7-80A3-4113-8D73-A9331A52A198}.Ad-Hoc|Any CPU.Build.0 = Release|Any CPU
		{00B6D5D7-80A3-4113-8D73-A9331A52A198}.Ad-Hoc|Any CPU.Deploy.0 = Release|Any CPU
		{00B6D5D7-80A3-4113-8D73-A9331A52A198}.Ad-Hoc|iPhone.ActiveCfg = Release|Any CPU
		{00B6D5D7-80A3-4113-8D73-A9331A52A198}.Ad-Hoc|iPhone.Build.0 = Release|Any CPU
		{00B6D5D7-80A3-4113-8D73-A9331A52A198}.Ad-Hoc|iPhone.Deploy.0 = Release|Any CPU
		{00B6D5D7-80A3-4113-8D73-A9331A52A198}.Ad-Hoc|iPhoneSimulator.ActiveCfg = Release|Any CPU
		{00B6D5D7-80A3-4113-8D73-A9331A52A198}.Ad-Hoc|iPhoneSimulator.Build.0 = Release|Any CPU
		{00B6D5D7-80A3-4113-8D73-A9331A52A198}.Ad-Hoc|iPhoneSimulator.Deploy.0 = Release|Any CPU
		{00B6D5D7-80A3-4113-8D73-A9331A52A198}.AppStore|Any CPU.ActiveCfg = Release|Any CPU
		{00B6D5D7-80A3-4113-8D73-A9331A52A198}.AppStore|Any CPU.Build.0 = Release|Any CPU
		{00B6D5D7-80A3-4113-8D73-A9331A52A198}.AppStore|Any CPU.Deploy.0 = Release|Any CPU
		{00B6D5D7-80A3-4113-8D73-A9331A52A198}.AppStore|iPhone.ActiveCfg = Release|Any CPU
		{00B6D5D7-80A3-4113-8D73-A9331A52A198}.AppStore|iPhone.Build.0 = Release|Any CPU
		{00B6D5D7-80A3-4113-8D73-A9331A52A198}.AppStore|iPhone.Deploy.0 = Release|Any CPU
		{00B6D5D7-80A3-4113-8D73-A9331A52A198}.AppStore|iPhoneSimulator.ActiveCfg = Release|Any CPU
		{00B6D5D7-80A3-4113-8D73-A9331A52A198}.AppStore|iPhoneSimulator.Build.0 = Release|Any CPU
		{00B6D5D7-80A3-4113-8D73-A9331A52A198}.AppStore|iPhoneSimulator.Deploy.0 = Release|Any CPU
		{00B6D5D7-80A3-4113-8D73-A9331A52A198}.Debug|Any CPU.ActiveCfg = Debug|Any CPU
		{00B6D5D7-80A3-4113-8D73-A9331A52A198}.Debug|Any CPU.Build.0 = Debug|Any CPU
		{00B6D5D7-80A3-4113-8D73-A9331A52A198}.Debug|Any CPU.Deploy.0 = Debug|Any CPU
		{00B6D5D7-80A3-4113-8D73-A9331A52A198}.Debug|iPhone.ActiveCfg = Debug|Any CPU
		{00B6D5D7-80A3-4113-8D73-A9331A52A198}.Debug|iPhone.Build.0 = Debug|Any CPU
		{00B6D5D7-80A3-4113-8D73-A9331A52A198}.Debug|iPhone.Deploy.0 = Debug|Any CPU
		{00B6D5D7-80A3-4113-8D73-A9331A52A198}.Debug|iPhoneSimulator.ActiveCfg = Debug|Any CPU
		{00B6D5D7-80A3-4113-8D73-A9331A52A198}.Debug|iPhoneSimulator.Build.0 = Debug|Any CPU
		{00B6D5D7-80A3-4113-8D73-A9331A52A198}.Debug|iPhoneSimulator.Deploy.0 = Debug|Any CPU
		{00B6D5D7-80A3-4113-8D73-A9331A52A198}.Release|Any CPU.ActiveCfg = Release|Any CPU
		{00B6D5D7-80A3-4113-8D73-A9331A52A198}.Release|Any CPU.Build.0 = Release|Any CPU
		{00B6D5D7-80A3-4113-8D73-A9331A52A198}.Release|Any CPU.Deploy.0 = Release|Any CPU
		{00B6D5D7-80A3-4113-8D73-A9331A52A198}.Release|iPhone.ActiveCfg = Release|Any CPU
		{00B6D5D7-80A3-4113-8D73-A9331A52A198}.Release|iPhone.Build.0 = Release|Any CPU
		{00B6D5D7-80A3-4113-8D73-A9331A52A198}.Release|iPhone.Deploy.0 = Release|Any CPU
		{00B6D5D7-80A3-4113-8D73-A9331A52A198}.Release|iPhoneSimulator.ActiveCfg = Release|Any CPU
		{00B6D5D7-80A3-4113-8D73-A9331A52A198}.Release|iPhoneSimulator.Build.0 = Release|Any CPU
		{00B6D5D7-80A3-4113-8D73-A9331A52A198}.Release|iPhoneSimulator.Deploy.0 = Release|Any CPU
		{B751D428-0ED1-4327-A7A1-E7D917B39FA5}.Ad-Hoc|Any CPU.ActiveCfg = Ad-Hoc|iPhone
		{B751D428-0ED1-4327-A7A1-E7D917B39FA5}.Ad-Hoc|iPhone.ActiveCfg = Ad-Hoc|iPhone
		{B751D428-0ED1-4327-A7A1-E7D917B39FA5}.Ad-Hoc|iPhone.Build.0 = Ad-Hoc|iPhone
		{B751D428-0ED1-4327-A7A1-E7D917B39FA5}.Ad-Hoc|iPhoneSimulator.ActiveCfg = Ad-Hoc|iPhoneSimulator
		{B751D428-0ED1-4327-A7A1-E7D917B39FA5}.Ad-Hoc|iPhoneSimulator.Build.0 = Ad-Hoc|iPhoneSimulator
		{B751D428-0ED1-4327-A7A1-E7D917B39FA5}.AppStore|Any CPU.ActiveCfg = AppStore|iPhone
		{B751D428-0ED1-4327-A7A1-E7D917B39FA5}.AppStore|iPhone.ActiveCfg = AppStore|iPhone
		{B751D428-0ED1-4327-A7A1-E7D917B39FA5}.AppStore|iPhone.Build.0 = AppStore|iPhone
		{B751D428-0ED1-4327-A7A1-E7D917B39FA5}.AppStore|iPhoneSimulator.ActiveCfg = AppStore|iPhoneSimulator
		{B751D428-0ED1-4327-A7A1-E7D917B39FA5}.AppStore|iPhoneSimulator.Build.0 = AppStore|iPhoneSimulator
		{B751D428-0ED1-4327-A7A1-E7D917B39FA5}.Debug|Any CPU.ActiveCfg = Debug|iPhone
		{B751D428-0ED1-4327-A7A1-E7D917B39FA5}.Debug|iPhone.ActiveCfg = Debug|iPhone
		{B751D428-0ED1-4327-A7A1-E7D917B39FA5}.Debug|iPhone.Build.0 = Debug|iPhone
		{B751D428-0ED1-4327-A7A1-E7D917B39FA5}.Debug|iPhoneSimulator.ActiveCfg = Debug|iPhoneSimulator
		{B751D428-0ED1-4327-A7A1-E7D917B39FA5}.Debug|iPhoneSimulator.Build.0 = Debug|iPhoneSimulator
		{B751D428-0ED1-4327-A7A1-E7D917B39FA5}.Release|Any CPU.ActiveCfg = Release|iPhone
		{B751D428-0ED1-4327-A7A1-E7D917B39FA5}.Release|iPhone.ActiveCfg = Release|iPhone
		{B751D428-0ED1-4327-A7A1-E7D917B39FA5}.Release|iPhone.Build.0 = Release|iPhone
		{B751D428-0ED1-4327-A7A1-E7D917B39FA5}.Release|iPhoneSimulator.ActiveCfg = Release|iPhoneSimulator
		{B751D428-0ED1-4327-A7A1-E7D917B39FA5}.Release|iPhoneSimulator.Build.0 = Release|iPhoneSimulator
	EndGlobalSection
	GlobalSection(SolutionProperties) = preSolution
		HideSolutionNode = FALSE
	EndGlobalSection
	GlobalSection(ExtensibilityGlobals) = postSolution
		SolutionGuid = {18D9B5D5-2B01-4431-8622-44B70AC2654B}
	EndGlobalSection
EndGlobal
